// !$*UTF8*$!
{
	archiveVersion = 1;
	classes = {
	};
	objectVersion = 55;
	objects = {

/* Begin PBXBuildFile section */
		C1882EE3286FCCFD00F1D50E /* SymptomsofDepressionApp.swift in Sources */ = {isa = PBXBuildFile; fileRef = C1882EE2286FCCFD00F1D50E /* SymptomsofDepressionApp.swift */; };
		C1882EE5286FCCFD00F1D50E /* ContentView.swift in Sources */ = {isa = PBXBuildFile; fileRef = C1882EE4286FCCFD00F1D50E /* ContentView.swift */; };
		C1882EE7286FCCFE00F1D50E /* Assets.xcassets in Resources */ = {isa = PBXBuildFile; fileRef = C1882EE6286FCCFE00F1D50E /* Assets.xcassets */; };
		C1882EEA286FCCFE00F1D50E /* Preview Assets.xcassets in Resources */ = {isa = PBXBuildFile; fileRef = C1882EE9286FCCFE00F1D50E /* Preview Assets.xcassets */; };
		C1882EF5286FCE9500F1D50E /* Model.xcdatamodeld in Sources */ = {isa = PBXBuildFile; fileRef = C1882EF3286FCE9500F1D50E /* Model.xcdatamodeld */; };
		C1882EF7286FCEB600F1D50E /* PersistenceController.swift in Sources */ = {isa = PBXBuildFile; fileRef = C1882EF6286FCEB600F1D50E /* PersistenceController.swift */; };
		C1882EF9286FCEED00F1D50E /* PHQ9ViewModel.swift in Sources */ = {isa = PBXBuildFile; fileRef = C1882EF8286FCEED00F1D50E /* PHQ9ViewModel.swift */; };
		C1882F01286FCF1000F1D50E /* HADSViewModel.swift in Sources */ = {isa = PBXBuildFile; fileRef = C1882EFA286FCF1000F1D50E /* HADSViewModel.swift */; };
		C1882F02286FCF1000F1D50E /* GDSViewModel.swift in Sources */ = {isa = PBXBuildFile; fileRef = C1882EFB286FCF1000F1D50E /* GDSViewModel.swift */; };
		C1882F03286FCF1000F1D50E /* CESDViewModel.swift in Sources */ = {isa = PBXBuildFile; fileRef = C1882EFC286FCF1000F1D50E /* CESDViewModel.swift */; };
		C1882F04286FCF1000F1D50E /* EPDSViewModel.swift in Sources */ = {isa = PBXBuildFile; fileRef = C1882EFD286FCF1000F1D50E /* EPDSViewModel.swift */; };
		C1882F05286FCF1000F1D50E /* GDSSViewModel.swift in Sources */ = {isa = PBXBuildFile; fileRef = C1882EFE286FCF1000F1D50E /* GDSSViewModel.swift */; };
		C1882F06286FCF1000F1D50E /* MDIViewModel.swift in Sources */ = {isa = PBXBuildFile; fileRef = C1882EFF286FCF1000F1D50E /* MDIViewModel.swift */; };
		C1882F07286FCF1000F1D50E /* ZUNGViewModel.swift in Sources */ = {isa = PBXBuildFile; fileRef = C1882F00286FCF1000F1D50E /* ZUNGViewModel.swift */; };
		C1882F09286FD2B800F1D50E /* SingleAppView.swift in Sources */ = {isa = PBXBuildFile; fileRef = C1882F08286FD2B800F1D50E /* SingleAppView.swift */; };
		C1882F0D286FD55A00F1D50E /* HomePage.swift in Sources */ = {isa = PBXBuildFile; fileRef = C1882F0C286FD55A00F1D50E /* HomePage.swift */; };
		C1882F0F286FD68100F1D50E /* PlaceHolderView.swift in Sources */ = {isa = PBXBuildFile; fileRef = C1882F0E286FD68100F1D50E /* PlaceHolderView.swift */; };
/* End PBXBuildFile section */

/* Begin PBXFileReference section */
		C1882EDF286FCCFD00F1D50E /* SymptomsofDepression.app */ = {isa = PBXFileReference; explicitFileType = wrapper.application; includeInIndex = 0; path = SymptomsofDepression.app; sourceTree = BUILT_PRODUCTS_DIR; };
		C1882EE2286FCCFD00F1D50E /* SymptomsofDepressionApp.swift */ = {isa = PBXFileReference; lastKnownFileType = sourcecode.swift; path = SymptomsofDepressionApp.swift; sourceTree = "<group>"; };
		C1882EE4286FCCFD00F1D50E /* ContentView.swift */ = {isa = PBXFileReference; lastKnownFileType = sourcecode.swift; path = ContentView.swift; sourceTree = "<group>"; };
		C1882EE6286FCCFE00F1D50E /* Assets.xcassets */ = {isa = PBXFileReference; lastKnownFileType = folder.assetcatalog; path = Assets.xcassets; sourceTree = "<group>"; };
		C1882EE9286FCCFE00F1D50E /* Preview Assets.xcassets */ = {isa = PBXFileReference; lastKnownFileType = folder.assetcatalog; path = "Preview Assets.xcassets"; sourceTree = "<group>"; };
		C1882EF4286FCE9500F1D50E /* Model.xcdatamodel */ = {isa = PBXFileReference; lastKnownFileType = wrapper.xcdatamodel; path = Model.xcdatamodel; sourceTree = "<group>"; };
		C1882EF6286FCEB600F1D50E /* PersistenceController.swift */ = {isa = PBXFileReference; fileEncoding = 4; lastKnownFileType = sourcecode.swift; path = PersistenceController.swift; sourceTree = "<group>"; };
		C1882EF8286FCEED00F1D50E /* PHQ9ViewModel.swift */ = {isa = PBXFileReference; fileEncoding = 4; lastKnownFileType = sourcecode.swift; path = PHQ9ViewModel.swift; sourceTree = "<group>"; };
		C1882EFA286FCF1000F1D50E /* HADSViewModel.swift */ = {isa = PBXFileReference; fileEncoding = 4; lastKnownFileType = sourcecode.swift; path = HADSViewModel.swift; sourceTree = "<group>"; };
		C1882EFB286FCF1000F1D50E /* GDSViewModel.swift */ = {isa = PBXFileReference; fileEncoding = 4; lastKnownFileType = sourcecode.swift; path = GDSViewModel.swift; sourceTree = "<group>"; };
		C1882EFC286FCF1000F1D50E /* CESDViewModel.swift */ = {isa = PBXFileReference; fileEncoding = 4; lastKnownFileType = sourcecode.swift; path = CESDViewModel.swift; sourceTree = "<group>"; };
		C1882EFD286FCF1000F1D50E /* EPDSViewModel.swift */ = {isa = PBXFileReference; fileEncoding = 4; lastKnownFileType = sourcecode.swift; path = EPDSViewModel.swift; sourceTree = "<group>"; };
		C1882EFE286FCF1000F1D50E /* GDSSViewModel.swift */ = {isa = PBXFileReference; fileEncoding = 4; lastKnownFileType = sourcecode.swift; path = GDSSViewModel.swift; sourceTree = "<group>"; };
		C1882EFF286FCF1000F1D50E /* MDIViewModel.swift */ = {isa = PBXFileReference; fileEncoding = 4; lastKnownFileType = sourcecode.swift; path = MDIViewModel.swift; sourceTree = "<group>"; };
		C1882F00286FCF1000F1D50E /* ZUNGViewModel.swift */ = {isa = PBXFileReference; fileEncoding = 4; lastKnownFileType = sourcecode.swift; path = ZUNGViewModel.swift; sourceTree = "<group>"; };
		C1882F08286FD2B800F1D50E /* SingleAppView.swift */ = {isa = PBXFileReference; fileEncoding = 4; lastKnownFileType = sourcecode.swift; path = SingleAppView.swift; sourceTree = "<group>"; };
		C1882F0C286FD55A00F1D50E /* HomePage.swift */ = {isa = PBXFileReference; lastKnownFileType = sourcecode.swift; path = HomePage.swift; sourceTree = "<group>"; };
		C1882F0E286FD68100F1D50E /* PlaceHolderView.swift */ = {isa = PBXFileReference; lastKnownFileType = sourcecode.swift; path = PlaceHolderView.swift; sourceTree = "<group>"; };
/* End PBXFileReference section */

/* Begin PBXFrameworksBuildPhase section */
		C1882EDC286FCCFD00F1D50E /* Frameworks */ = {
			isa = PBXFrameworksBuildPhase;
			buildActionMask = 2147483647;
			files = (
			);
			runOnlyForDeploymentPostprocessing = 0;
		};
/* End PBXFrameworksBuildPhase section */

/* Begin PBXGroup section */
		C1882ED6286FCCFD00F1D50E = {
			isa = PBXGroup;
			children = (
				C1882EE1286FCCFD00F1D50E /* SymptomsofDepression */,
				C1882EE0286FCCFD00F1D50E /* Products */,
			);
			sourceTree = "<group>";
		};
		C1882EE0286FCCFD00F1D50E /* Products */ = {
			isa = PBXGroup;
			children = (
				C1882EDF286FCCFD00F1D50E /* SymptomsofDepression.app */,
			);
			name = Products;
			sourceTree = "<group>";
		};
		C1882EE1286FCCFD00F1D50E /* SymptomsofDepression */ = {
			isa = PBXGroup;
			children = (
				C1882EE2286FCCFD00F1D50E /* SymptomsofDepressionApp.swift */,
				C1882EE4286FCCFD00F1D50E /* ContentView.swift */,
				C1882F08286FD2B800F1D50E /* SingleAppView.swift */,
				C1882EE6286FCCFE00F1D50E /* Assets.xcassets */,
				C1882EE8286FCCFE00F1D50E /* Preview Content */,
				C1882EF0286FCDBF00F1D50E /* Models */,
				C1882EF1286FCDD200F1D50E /* Views */,
				C1882EF2286FCDDB00F1D50E /* ViewModels */,
			);
			path = SymptomsofDepression;
			sourceTree = "<group>";
		};
		C1882EE8286FCCFE00F1D50E /* Preview Content */ = {
			isa = PBXGroup;
			children = (
				C1882EE9286FCCFE00F1D50E /* Preview Assets.xcassets */,
			);
			path = "Preview Content";
			sourceTree = "<group>";
		};
		C1882EF0286FCDBF00F1D50E /* Models */ = {
			isa = PBXGroup;
			children = (
				C1882EF3286FCE9500F1D50E /* Model.xcdatamodeld */,
				C1882EF6286FCEB600F1D50E /* PersistenceController.swift */,
			);
			path = Models;
			sourceTree = "<group>";
		};
		C1882EF1286FCDD200F1D50E /* Views */ = {
			isa = PBXGroup;
			children = (
				C1882F0C286FD55A00F1D50E /* HomePage.swift */,
				C1882F0E286FD68100F1D50E /* PlaceHolderView.swift */,
			);
			path = Views;
			sourceTree = "<group>";
		};
		C1882EF2286FCDDB00F1D50E /* ViewModels */ = {
			isa = PBXGroup;
			children = (
				C1882EF8286FCEED00F1D50E /* PHQ9ViewModel.swift */,
				C1882EFC286FCF1000F1D50E /* CESDViewModel.swift */,
				C1882EFD286FCF1000F1D50E /* EPDSViewModel.swift */,
				C1882EFE286FCF1000F1D50E /* GDSSViewModel.swift */,
				C1882EFB286FCF1000F1D50E /* GDSViewModel.swift */,
				C1882EFA286FCF1000F1D50E /* HADSViewModel.swift */,
				C1882EFF286FCF1000F1D50E /* MDIViewModel.swift */,
				C1882F00286FCF1000F1D50E /* ZUNGViewModel.swift */,
			);
			path = ViewModels;
			sourceTree = "<group>";
		};
/* End PBXGroup section */

/* Begin PBXNativeTarget section */
		C1882EDE286FCCFD00F1D50E /* SymptomsofDepression */ = {
			isa = PBXNativeTarget;
			buildConfigurationList = C1882EED286FCCFE00F1D50E /* Build configuration list for PBXNativeTarget "SymptomsofDepression" */;
			buildPhases = (
				C1882EDB286FCCFD00F1D50E /* Sources */,
				C1882EDC286FCCFD00F1D50E /* Frameworks */,
				C1882EDD286FCCFD00F1D50E /* Resources */,
			);
			buildRules = (
			);
			dependencies = (
			);
			name = SymptomsofDepression;
			productName = SymptomsofDepression;
			productReference = C1882EDF286FCCFD00F1D50E /* SymptomsofDepression.app */;
			productType = "com.apple.product-type.application";
		};
/* End PBXNativeTarget section */

/* Begin PBXProject section */
		C1882ED7286FCCFD00F1D50E /* Project object */ = {
			isa = PBXProject;
			attributes = {
				BuildIndependentTargetsInParallel = 1;
				LastSwiftUpdateCheck = 1340;
				LastUpgradeCheck = 1340;
				TargetAttributes = {
					C1882EDE286FCCFD00F1D50E = {
						CreatedOnToolsVersion = 13.4.1;
					};
				};
			};
			buildConfigurationList = C1882EDA286FCCFD00F1D50E /* Build configuration list for PBXProject "SymptomsofDepression" */;
			compatibilityVersion = "Xcode 13.0";
			developmentRegion = en;
			hasScannedForEncodings = 0;
			knownRegions = (
				en,
				Base,
			);
			mainGroup = C1882ED6286FCCFD00F1D50E;
			productRefGroup = C1882EE0286FCCFD00F1D50E /* Products */;
			projectDirPath = "";
			projectRoot = "";
			targets = (
				C1882EDE286FCCFD00F1D50E /* SymptomsofDepression */,
			);
		};
/* End PBXProject section */

/* Begin PBXResourcesBuildPhase section */
		C1882EDD286FCCFD00F1D50E /* Resources */ = {
			isa = PBXResourcesBuildPhase;
			buildActionMask = 2147483647;
			files = (
				C1882EEA286FCCFE00F1D50E /* Preview Assets.xcassets in Resources */,
				C1882EE7286FCCFE00F1D50E /* Assets.xcassets in Resources */,
			);
			runOnlyForDeploymentPostprocessing = 0;
		};
/* End PBXResourcesBuildPhase section */

/* Begin PBXSourcesBuildPhase section */
		C1882EDB286FCCFD00F1D50E /* Sources */ = {
			isa = PBXSourcesBuildPhase;
			buildActionMask = 2147483647;
			files = (
				C1882F09286FD2B800F1D50E /* SingleAppView.swift in Sources */,
				C1882F02286FCF1000F1D50E /* GDSViewModel.swift in Sources */,
				C1882F06286FCF1000F1D50E /* MDIViewModel.swift in Sources */,
				C1882F07286FCF1000F1D50E /* ZUNGViewModel.swift in Sources */,
				C1882F03286FCF1000F1D50E /* CESDViewModel.swift in Sources */,
				C1882F01286FCF1000F1D50E /* HADSViewModel.swift in Sources */,
				C1882EE5286FCCFD00F1D50E /* ContentView.swift in Sources */,
				C1882EE3286FCCFD00F1D50E /* SymptomsofDepressionApp.swift in Sources */,
				C1882EF5286FCE9500F1D50E /* Model.xcdatamodeld in Sources */,
				C1882F0D286FD55A00F1D50E /* HomePage.swift in Sources */,
				C1882EF9286FCEED00F1D50E /* PHQ9ViewModel.swift in Sources */,
				C1882EF7286FCEB600F1D50E /* PersistenceController.swift in Sources */,
				C1882F04286FCF1000F1D50E /* EPDSViewModel.swift in Sources */,
				C1882F0F286FD68100F1D50E /* PlaceHolderView.swift in Sources */,
				C1882F05286FCF1000F1D50E /* GDSSViewModel.swift in Sources */,
			);
			runOnlyForDeploymentPostprocessing = 0;
		};
/* End PBXSourcesBuildPhase section */

/* Begin XCBuildConfiguration section */
		C1882EEB286FCCFE00F1D50E /* Debug */ = {
			isa = XCBuildConfiguration;
			buildSettings = {
				ALWAYS_SEARCH_USER_PATHS = NO;
				CLANG_ANALYZER_NONNULL = YES;
				CLANG_ANALYZER_NUMBER_OBJECT_CONVERSION = YES_AGGRESSIVE;
				CLANG_CXX_LANGUAGE_STANDARD = "gnu++17";
				CLANG_ENABLE_MODULES = YES;
				CLANG_ENABLE_OBJC_ARC = YES;
				CLANG_ENABLE_OBJC_WEAK = YES;
				CLANG_WARN_BLOCK_CAPTURE_AUTORELEASING = YES;
				CLANG_WARN_BOOL_CONVERSION = YES;
				CLANG_WARN_COMMA = YES;
				CLANG_WARN_CONSTANT_CONVERSION = YES;
				CLANG_WARN_DEPRECATED_OBJC_IMPLEMENTATIONS = YES;
				CLANG_WARN_DIRECT_OBJC_ISA_USAGE = YES_ERROR;
				CLANG_WARN_DOCUMENTATION_COMMENTS = YES;
				CLANG_WARN_EMPTY_BODY = YES;
				CLANG_WARN_ENUM_CONVERSION = YES;
				CLANG_WARN_INFINITE_RECURSION = YES;
				CLANG_WARN_INT_CONVERSION = YES;
				CLANG_WARN_NON_LITERAL_NULL_CONVERSION = YES;
				CLANG_WARN_OBJC_IMPLICIT_RETAIN_SELF = YES;
				CLANG_WARN_OBJC_LITERAL_CONVERSION = YES;
				CLANG_WARN_OBJC_ROOT_CLASS = YES_ERROR;
				CLANG_WARN_QUOTED_INCLUDE_IN_FRAMEWORK_HEADER = YES;
				CLANG_WARN_RANGE_LOOP_ANALYSIS = YES;
				CLANG_WARN_STRICT_PROTOTYPES = YES;
				CLANG_WARN_SUSPICIOUS_MOVE = YES;
				CLANG_WARN_UNGUARDED_AVAILABILITY = YES_AGGRESSIVE;
				CLANG_WARN_UNREACHABLE_CODE = YES;
				CLANG_WARN__DUPLICATE_METHOD_MATCH = YES;
				COPY_PHASE_STRIP = NO;
				DEBUG_INFORMATION_FORMAT = dwarf;
				ENABLE_STRICT_OBJC_MSGSEND = YES;
				ENABLE_TESTABILITY = YES;
				GCC_C_LANGUAGE_STANDARD = gnu11;
				GCC_DYNAMIC_NO_PIC = NO;
				GCC_NO_COMMON_BLOCKS = YES;
				GCC_OPTIMIZATION_LEVEL = 0;
				GCC_PREPROCESSOR_DEFINITIONS = (
					"DEBUG=1",
					"$(inherited)",
				);
				GCC_WARN_64_TO_32_BIT_CONVERSION = YES;
				GCC_WARN_ABOUT_RETURN_TYPE = YES_ERROR;
				GCC_WARN_UNDECLARED_SELECTOR = YES;
				GCC_WARN_UNINITIALIZED_AUTOS = YES_AGGRESSIVE;
				GCC_WARN_UNUSED_FUNCTION = YES;
				GCC_WARN_UNUSED_VARIABLE = YES;
				IPHONEOS_DEPLOYMENT_TARGET = 15.5;
				MTL_ENABLE_DEBUG_INFO = INCLUDE_SOURCE;
				MTL_FAST_MATH = YES;
				ONLY_ACTIVE_ARCH = YES;
				SDKROOT = iphoneos;
				SWIFT_ACTIVE_COMPILATION_CONDITIONS = DEBUG;
				SWIFT_OPTIMIZATION_LEVEL = "-Onone";
			};
			name = Debug;
		};
		C1882EEC286FCCFE00F1D50E /* Release */ = {
			isa = XCBuildConfiguration;
			buildSettings = {
				ALWAYS_SEARCH_USER_PATHS = NO;
				CLANG_ANALYZER_NONNULL = YES;
				CLANG_ANALYZER_NUMBER_OBJECT_CONVERSION = YES_AGGRESSIVE;
				CLANG_CXX_LANGUAGE_STANDARD = "gnu++17";
				CLANG_ENABLE_MODULES = YES;
				CLANG_ENABLE_OBJC_ARC = YES;
				CLANG_ENABLE_OBJC_WEAK = YES;
				CLANG_WARN_BLOCK_CAPTURE_AUTORELEASING = YES;
				CLANG_WARN_BOOL_CONVERSION = YES;
				CLANG_WARN_COMMA = YES;
				CLANG_WARN_CONSTANT_CONVERSION = YES;
				CLANG_WARN_DEPRECATED_OBJC_IMPLEMENTATIONS = YES;
				CLANG_WARN_DIRECT_OBJC_ISA_USAGE = YES_ERROR;
				CLANG_WARN_DOCUMENTATION_COMMENTS = YES;
				CLANG_WARN_EMPTY_BODY = YES;
				CLANG_WARN_ENUM_CONVERSION = YES;
				CLANG_WARN_INFINITE_RECURSION = YES;
				CLANG_WARN_INT_CONVERSION = YES;
				CLANG_WARN_NON_LITERAL_NULL_CONVERSION = YES;
				CLANG_WARN_OBJC_IMPLICIT_RETAIN_SELF = YES;
				CLANG_WARN_OBJC_LITERAL_CONVERSION = YES;
				CLANG_WARN_OBJC_ROOT_CLASS = YES_ERROR;
				CLANG_WARN_QUOTED_INCLUDE_IN_FRAMEWORK_HEADER = YES;
				CLANG_WARN_RANGE_LOOP_ANALYSIS = YES;
				CLANG_WARN_STRICT_PROTOTYPES = YES;
				CLANG_WARN_SUSPICIOUS_MOVE = YES;
				CLANG_WARN_UNGUARDED_AVAILABILITY = YES_AGGRESSIVE;
				CLANG_WARN_UNREACHABLE_CODE = YES;
				CLANG_WARN__DUPLICATE_METHOD_MATCH = YES;
				COPY_PHASE_STRIP = NO;
				DEBUG_INFORMATION_FORMAT = "dwarf-with-dsym";
				ENABLE_NS_ASSERTIONS = NO;
				ENABLE_STRICT_OBJC_MSGSEND = YES;
				GCC_C_LANGUAGE_STANDARD = gnu11;
				GCC_NO_COMMON_BLOCKS = YES;
				GCC_WARN_64_TO_32_BIT_CONVERSION = YES;
				GCC_WARN_ABOUT_RETURN_TYPE = YES_ERROR;
				GCC_WARN_UNDECLARED_SELECTOR = YES;
				GCC_WARN_UNINITIALIZED_AUTOS = YES_AGGRESSIVE;
				GCC_WARN_UNUSED_FUNCTION = YES;
				GCC_WARN_UNUSED_VARIABLE = YES;
				IPHONEOS_DEPLOYMENT_TARGET = 15.5;
				MTL_ENABLE_DEBUG_INFO = NO;
				MTL_FAST_MATH = YES;
				SDKROOT = iphoneos;
				SWIFT_COMPILATION_MODE = wholemodule;
				SWIFT_OPTIMIZATION_LEVEL = "-O";
				VALIDATE_PRODUCT = YES;
			};
			name = Release;
		};
		C1882EEE286FCCFE00F1D50E /* Debug */ = {
			isa = XCBuildConfiguration;
			buildSettings = {
				ASSETCATALOG_COMPILER_APPICON_NAME = AppIcon;
				ASSETCATALOG_COMPILER_GLOBAL_ACCENT_COLOR_NAME = AccentColor;
				CODE_SIGN_STYLE = Automatic;
				CURRENT_PROJECT_VERSION = 1;
				DEVELOPMENT_ASSET_PATHS = "\"SymptomsofDepression/Preview Content\"";
				DEVELOPMENT_TEAM = YVT4R94G7U;
				ENABLE_PREVIEWS = YES;
				GENERATE_INFOPLIST_FILE = YES;
				INFOPLIST_KEY_UIApplicationSceneManifest_Generation = YES;
				INFOPLIST_KEY_UIApplicationSupportsIndirectInputEvents = YES;
				INFOPLIST_KEY_UILaunchScreen_Generation = YES;
				INFOPLIST_KEY_UISupportedInterfaceOrientations_iPad = "UIInterfaceOrientationPortrait UIInterfaceOrientationPortraitUpsideDown UIInterfaceOrientationLandscapeLeft UIInterfaceOrientationLandscapeRight";
				INFOPLIST_KEY_UISupportedInterfaceOrientations_iPhone = "UIInterfaceOrientationPortrait UIInterfaceOrientationLandscapeLeft UIInterfaceOrientationLandscapeRight";
				LD_RUNPATH_SEARCH_PATHS = (
					"$(inherited)",
					"@executable_path/Frameworks",
				);
				MARKETING_VERSION = 1.0;
				PRODUCT_BUNDLE_IDENTIFIER = org.t4mh.SymptomsofDepression;
				PRODUCT_NAME = "$(TARGET_NAME)";
				SWIFT_EMIT_LOC_STRINGS = YES;
				SWIFT_VERSION = 5.0;
				TARGETED_DEVICE_FAMILY = "1,2";
			};
			name = Debug;
		};
		C1882EEF286FCCFE00F1D50E /* Release */ = {
			isa = XCBuildConfiguration;
			buildSettings = {
				ASSETCATALOG_COMPILER_APPICON_NAME = AppIcon;
				ASSETCATALOG_COMPILER_GLOBAL_ACCENT_COLOR_NAME = AccentColor;
				CODE_SIGN_STYLE = Automatic;
				CURRENT_PROJECT_VERSION = 1;
				DEVELOPMENT_ASSET_PATHS = "\"SymptomsofDepression/Preview Content\"";
				DEVELOPMENT_TEAM = YVT4R94G7U;
				ENABLE_PREVIEWS = YES;
				GENERATE_INFOPLIST_FILE = YES;
				INFOPLIST_KEY_UIApplicationSceneManifest_Generation = YES;
				INFOPLIST_KEY_UIApplicationSupportsIndirectInputEvents = YES;
				INFOPLIST_KEY_UILaunchScreen_Generation = YES;
				INFOPLIST_KEY_UISupportedInterfaceOrientations_iPad = "UIInterfaceOrientationPortrait UIInterfaceOrientationPortraitUpsideDown UIInterfaceOrientationLandscapeLeft UIInterfaceOrientationLandscapeRight";
				INFOPLIST_KEY_UISupportedInterfaceOrientations_iPhone = "UIInterfaceOrientationPortrait UIInterfaceOrientationLandscapeLeft UIInterfaceOrientationLandscapeRight";
				LD_RUNPATH_SEARCH_PATHS = (
					"$(inherited)",
					"@executable_path/Frameworks",
				);
				MARKETING_VERSION = 1.0;
				PRODUCT_BUNDLE_IDENTIFIER = org.t4mh.SymptomsofDepression;
				PRODUCT_NAME = "$(TARGET_NAME)";
				SWIFT_EMIT_LOC_STRINGS = YES;
				SWIFT_VERSION = 5.0;
				TARGETED_DEVICE_FAMILY = "1,2";
			};
			name = Release;
		};
/* End XCBuildConfiguration section */

/* Begin XCConfigurationList section */
		C1882EDA286FCCFD00F1D50E /* Build configuration list for PBXProject "SymptomsofDepression" */ = {
			isa = XCConfigurationList;
			buildConfigurations = (
				C1882EEB286FCCFE00F1D50E /* Debug */,
				C1882EEC286FCCFE00F1D50E /* Release */,
			);
			defaultConfigurationIsVisible = 0;
			defaultConfigurationName = Release;
		};
		C1882EED286FCCFE00F1D50E /* Build configuration list for PBXNativeTarget "SymptomsofDepression" */ = {
			isa = XCConfigurationList;
			buildConfigurations = (
				C1882EEE286FCCFE00F1D50E /* Debug */,
				C1882EEF286FCCFE00F1D50E /* Release */,
			);
			defaultConfigurationIsVisible = 0;
			defaultConfigurationName = Release;
		};
/* End XCConfigurationList section */

/* Begin XCVersionGroup section */
		C1882EF3286FCE9500F1D50E /* Model.xcdatamodeld */ = {
			isa = XCVersionGroup;
			children = (
				C1882EF4286FCE9500F1D50E /* Model.xcdatamodel */,
			);
			currentVersion = C1882EF4286FCE9500F1D50E /* Model.xcdatamodel */;
			path = Model.xcdatamodeld;
			sourceTree = "<group>";
			versionGroupType = wrapper.xcdatamodel;
		};
/* End XCVersionGroup section */
	};
	rootObject = C1882ED7286FCCFD00F1D50E /* Project object */;
}
